
Microsoft Visual Studio Solution File, Format Version 12.00
# Visual Studio 15
Project("{FAE04EC0-301F-11D3-BF4B-00C04F79EFBC}") = "Pillen", "Assembly-CSharp.csproj", "{1A2958B1-380E-BBBF-81E6-5E161E9E348C}"
EndProject
Global
	GlobalSection(SolutionConfigurationPlatforms) = preSolution
		Debug|Any CPU = Debug|Any CPU
		Release|Any CPU = Release|Any CPU
	EndGlobalSection
	GlobalSection(ProjectConfigurationPlatforms) = postSolution
		{1A2958B1-380E-BBBF-81E6-5E161E9E348C}.Debug|Any CPU.ActiveCfg = Debug|Any CPU
		{1A2958B1-380E-BBBF-81E6-5E161E9E348C}.Debug|Any CPU.Build.0 = Debug|Any CPU
		{1A2958B1-380E-BBBF-81E6-5E161E9E348C}.Release|Any CPU.ActiveCfg = Release|Any CPU
		{1A2958B1-380E-BBBF-81E6-5E161E9E348C}.Release|Any CPU.Build.0 = Release|Any CPU
	EndGlobalSection
	GlobalSection(SolutionProperties) = preSolution
		HideSolutionNode = FALSE
	EndGlobalSection
EndGlobal
